{
  "requires": true,
  "lockfileVersion": 1,
  "dependencies": {
    "stream-concat": {
      "version": "0.3.0",
      "resolved": "https://registry.npmjs.org/stream-concat/-/stream-concat-0.3.0.tgz",
      "integrity": "sha512-HTqtuDjG9J2mKoHYgW827oA0WVx8o997vj2GRE/wrUMSkMZSzMa1OXLPqYTxEYwcuvuT8n6CsxjyTinI6ezfmQ=="
    }
  }
}
